{
  "version": 4,
  "terraform_version": "1.11.3",
  "serial": 33,
  "lineage": "63350a6e-31e9-da82-3d0a-f01c307f695d",
  "outputs": {
    "bigquery_connection_string": {
      "value": "https://console.cloud.google.com/bigquery?project=formula1-dashboard\u0026p=formula1-dashboard\u0026d=f1_data",
      "type": "string"
    },
    "bigquery_dataset_id": {
      "value": "f1_data",
      "type": "string"
    },
    "dashboard_instructions": {
      "value": "To create your F1 dashboard:\r\n1. Go to https://lookerstudio.google.com/\r\n2. Create a new report\r\n3. Add BigQuery as a data source\r\n4. Select the f1_data.driver_laps and f1_data.race_control tables\r\n5. Design your dashboard with the visualizations described in the README\r\n",
      "type": "string"
    },
    "driver_laps_table_id": {
      "value": "driver_laps",
      "type": "string"
    },
    "race_control_table_id": {
      "value": "race_control",
      "type": "string"
    }
  },
  "resources": [
    {
      "mode": "managed",
      "type": "google_bigquery_dataset",
      "name": "f1_dataset",
      "provider": "provider[\"registry.terraform.io/hashicorp/google\"]",
      "instances": [
        {
          "schema_version": 0,
          "attributes": {
            "access": [
              {
                "condition": [],
                "dataset": [],
                "domain": "",
                "group_by_email": "",
                "iam_member": "",
                "role": "OWNER",
                "routine": [],
                "special_group": "",
                "user_by_email": "ipkguler@gmail.com",
                "view": []
              },
              {
                "condition": [],
                "dataset": [],
                "domain": "",
                "group_by_email": "",
                "iam_member": "",
                "role": "OWNER",
                "routine": [],
                "special_group": "projectOwners",
                "user_by_email": "",
                "view": []
              },
              {
                "condition": [],
                "dataset": [],
                "domain": "",
                "group_by_email": "",
                "iam_member": "",
                "role": "READER",
                "routine": [],
                "special_group": "projectReaders",
                "user_by_email": "",
                "view": []
              },
              {
                "condition": [],
                "dataset": [],
                "domain": "",
                "group_by_email": "",
                "iam_member": "",
                "role": "WRITER",
                "routine": [],
                "special_group": "projectWriters",
                "user_by_email": "",
                "view": []
              }
            ],
            "creation_time": 1744934080803,
            "dataset_id": "f1_data",
            "default_collation": "",
            "default_encryption_configuration": [],
            "default_partition_expiration_ms": 0,
            "default_table_expiration_ms": 0,
            "delete_contents_on_destroy": false,
            "description": "Dataset containing F1 racing data from OpenF1 API",
            "effective_labels": {
              "env": "dev",
              "goog-terraform-provisioned": "true"
            },
            "etag": "t5uyNFJR0j2+SuuOvcuG4g==",
            "external_dataset_reference": [],
            "friendly_name": "F1 Racing Data",
            "id": "projects/formula1-dashboard/datasets/f1_data",
            "is_case_insensitive": false,
            "labels": {
              "env": "dev"
            },
            "last_modified_time": 1744934080803,
            "location": "US",
            "max_time_travel_hours": "168",
            "project": "formula1-dashboard",
            "resource_tags": null,
            "self_link": "https://bigquery.googleapis.com/bigquery/v2/projects/formula1-dashboard/datasets/f1_data",
            "storage_billing_model": "",
            "terraform_labels": {
              "env": "dev",
              "goog-terraform-provisioned": "true"
            },
            "timeouts": null
          },
          "sensitive_attributes": [],
          "private": "eyJlMmJmYjczMC1lY2FhLTExZTYtOGY4OC0zNDM2M2JjN2M0YzAiOnsiY3JlYXRlIjoxMjAwMDAwMDAwMDAwLCJkZWxldGUiOjEyMDAwMDAwMDAwMDAsInVwZGF0ZSI6MTIwMDAwMDAwMDAwMH19"
        }
      ]
    },
    {
      "mode": "managed",
      "type": "google_bigquery_table",
      "name": "driver_laps",
      "provider": "provider[\"registry.terraform.io/hashicorp/google\"]",
      "instances": [
        {
          "schema_version": 0,
          "attributes": {
            "biglake_configuration": [],
            "clustering": null,
            "creation_time": 1744934081636,
            "dataset_id": "f1_data",
            "deletion_protection": true,
            "description": "",
            "effective_labels": {
              "env": "dev",
              "goog-terraform-provisioned": "true"
            },
            "encryption_configuration": [],
            "etag": "MQn3lJ/uZBgT3lfWAAAJgw==",
            "expiration_time": 0,
            "external_data_configuration": [],
            "friendly_name": "",
            "id": "projects/formula1-dashboard/datasets/f1_data/tables/driver_laps",
            "labels": {
              "env": "dev"
            },
            "last_modified_time": 1744934081738,
            "location": "US",
            "materialized_view": [],
            "max_staleness": "",
            "num_bytes": 0,
            "num_long_term_bytes": 0,
            "num_rows": 0,
            "project": "formula1-dashboard",
            "range_partitioning": [],
            "require_partition_filter": false,
            "resource_tags": null,
            "schema": "[{\"description\":\"Unique identifier for the session\",\"mode\":\"NULLABLE\",\"name\":\"session_key\",\"type\":\"INTEGER\"},{\"description\":\"Start time of the lap\",\"mode\":\"NULLABLE\",\"name\":\"date_start\",\"type\":\"TIMESTAMP\"},{\"description\":\"Driver number\",\"mode\":\"NULLABLE\",\"name\":\"driver_number\",\"type\":\"INTEGER\"},{\"description\":\"Duration of the lap in seconds\",\"mode\":\"NULLABLE\",\"name\":\"lap_duration\",\"type\":\"FLOAT\"},{\"description\":\"Lap number\",\"mode\":\"NULLABLE\",\"name\":\"lap_number\",\"type\":\"INTEGER\"},{\"description\":\"ST speed\",\"mode\":\"NULLABLE\",\"name\":\"st_speed\",\"type\":\"INTEGER\"},{\"description\":\"Driver's position during the lap\",\"mode\":\"NULLABLE\",\"name\":\"position\",\"type\":\"INTEGER\"},{\"description\":\"Driver's acronym\",\"mode\":\"NULLABLE\",\"name\":\"name_acronym\",\"type\":\"STRING\"},{\"description\":\"Team name\",\"mode\":\"NULLABLE\",\"name\":\"team_name\",\"type\":\"STRING\"},{\"description\":\"Team color\",\"mode\":\"NULLABLE\",\"name\":\"team_colour\",\"type\":\"STRING\"}]",
            "self_link": "https://bigquery.googleapis.com/bigquery/v2/projects/formula1-dashboard/datasets/f1_data/tables/driver_laps",
            "table_constraints": [],
            "table_id": "driver_laps",
            "table_metadata_view": null,
            "table_replication_info": [],
            "terraform_labels": {
              "env": "dev",
              "goog-terraform-provisioned": "true"
            },
            "time_partitioning": [],
            "type": "TABLE",
            "view": []
          },
          "sensitive_attributes": [],
          "private": "bnVsbA==",
          "dependencies": [
            "google_bigquery_dataset.f1_dataset"
          ]
        }
      ]
    },
    {
      "mode": "managed",
      "type": "google_bigquery_table",
      "name": "race_control",
      "provider": "provider[\"registry.terraform.io/hashicorp/google\"]",
      "instances": [
        {
          "schema_version": 0,
          "attributes": {
            "biglake_configuration": [],
            "clustering": null,
            "creation_time": 1744934081514,
            "dataset_id": "f1_data",
            "deletion_protection": true,
            "description": "",
            "effective_labels": {
              "env": "dev",
              "goog-terraform-provisioned": "true"
            },
            "encryption_configuration": [],
            "etag": "5pMzSWmB3w6L6jOUfNVZMw==",
            "expiration_time": 0,
            "external_data_configuration": [],
            "friendly_name": "",
            "id": "projects/formula1-dashboard/datasets/f1_data/tables/race_control",
            "labels": {
              "env": "dev"
            },
            "last_modified_time": 1744934081635,
            "location": "US",
            "materialized_view": [],
            "max_staleness": "",
            "num_bytes": 0,
            "num_long_term_bytes": 0,
            "num_rows": 0,
            "project": "formula1-dashboard",
            "range_partitioning": [],
            "require_partition_filter": false,
            "resource_tags": null,
            "schema": "[{\"description\":\"Unique identifier for the session\",\"mode\":\"NULLABLE\",\"name\":\"session_key\",\"type\":\"INTEGER\"},{\"description\":\"Date and time of the message\",\"mode\":\"NULLABLE\",\"name\":\"date\",\"type\":\"TIMESTAMP\"},{\"description\":\"Category of the message\",\"mode\":\"NULLABLE\",\"name\":\"category\",\"type\":\"STRING\"},{\"description\":\"Flag status\",\"mode\":\"NULLABLE\",\"name\":\"flag\",\"type\":\"STRING\"},{\"description\":\"Race control message\",\"mode\":\"NULLABLE\",\"name\":\"message\",\"type\":\"STRING\"}]",
            "self_link": "https://bigquery.googleapis.com/bigquery/v2/projects/formula1-dashboard/datasets/f1_data/tables/race_control",
            "table_constraints": [],
            "table_id": "race_control",
            "table_metadata_view": null,
            "table_replication_info": [],
            "terraform_labels": {
              "env": "dev",
              "goog-terraform-provisioned": "true"
            },
            "time_partitioning": [],
            "type": "TABLE",
            "view": []
          },
          "sensitive_attributes": [],
          "private": "bnVsbA==",
          "dependencies": [
            "google_bigquery_dataset.f1_dataset"
          ]
        }
      ]
    }
  ],
  "check_results": null
}
